
Microsoft Visual Studio Solution File, Format Version 12.00
Project("{FAE04EC0-301F-11D3-BF4B-00C04F79EFBC}") = "FreshbooksApiClient", "FreshbooksApiClient\FreshbooksApiClient.csproj", "{FA81E445-1CDA-4569-BB25-53C6A10BCC65}"
EndProject
Project("{FAE04EC0-301F-11D3-BF4B-00C04F79EFBC}") = "RedirectServer", "RedirectServer\RedirectServer.csproj", "{AC7FD038-B103-4110-82FB-F6F71F0F43D3}"
EndProject
Global
	GlobalSection(SolutionConfigurationPlatforms) = preSolution
		Debug|Any CPU = Debug|Any CPU
		Release|Any CPU = Release|Any CPU
	EndGlobalSection
	GlobalSection(ProjectConfigurationPlatforms) = postSolution
		{FA81E445-1CDA-4569-BB25-53C6A10BCC65}.Debug|Any CPU.ActiveCfg = Debug|Any CPU
		{FA81E445-1CDA-4569-BB25-53C6A10BCC65}.Debug|Any CPU.Build.0 = Debug|Any CPU
		{FA81E445-1CDA-4569-BB25-53C6A10BCC65}.Release|Any CPU.ActiveCfg = Release|Any CPU
		{FA81E445-1CDA-4569-BB25-53C6A10BCC65}.Release|Any CPU.Build.0 = Release|Any CPU
		{AC7FD038-B103-4110-82FB-F6F71F0F43D3}.Debug|Any CPU.ActiveCfg = Debug|Any CPU
		{AC7FD038-B103-4110-82FB-F6F71F0F43D3}.Debug|Any CPU.Build.0 = Debug|Any CPU
		{AC7FD038-B103-4110-82FB-F6F71F0F43D3}.Release|Any CPU.ActiveCfg = Release|Any CPU
		{AC7FD038-B103-4110-82FB-F6F71F0F43D3}.Release|Any CPU.Build.0 = Release|Any CPU
	EndGlobalSection
EndGlobal
